// !$*UTF8*$!
{
	archiveVersion = 1;
	classes = {
	};
	objectVersion = 46;
	objects = {

/* Begin PBXBuildFile section */
		00E356F31AD99517003FC87E /* BelajariahTests.m in Sources */ = {isa = PBXBuildFile; fileRef = 00E356F21AD99517003FC87E /* BelajariahTests.m */; };
		13B07FBC1A68108700A75B9A /* AppDelegate.m in Sources */ = {isa = PBXBuildFile; fileRef = 13B07FB01A68108700A75B9A /* AppDelegate.m */; };
		13B07FBD1A68108700A75B9A /* LaunchScreen.xib in Resources */ = {isa = PBXBuildFile; fileRef = 13B07FB11A68108700A75B9A /* LaunchScreen.xib */; };
		13B07FBF1A68108700A75B9A /* Images.xcassets in Resources */ = {isa = PBXBuildFile; fileRef = 13B07FB51A68108700A75B9A /* Images.xcassets */; };
		13B07FC11A68108700A75B9A /* main.m in Sources */ = {isa = PBXBuildFile; fileRef = 13B07FB71A68108700A75B9A /* main.m */; };
		2D02E4BC1E0B4A80006451C7 /* AppDelegate.m in Sources */ = {isa = PBXBuildFile; fileRef = 13B07FB01A68108700A75B9A /* AppDelegate.m */; };
		2D02E4BD1E0B4A84006451C7 /* Images.xcassets in Resources */ = {isa = PBXBuildFile; fileRef = 13B07FB51A68108700A75B9A /* Images.xcassets */; };
		2D02E4BF1E0B4AB3006451C7 /* main.m in Sources */ = {isa = PBXBuildFile; fileRef = 13B07FB71A68108700A75B9A /* main.m */; };
		2DCD954D1E0B4F2C00145EB5 /* BelajariahTests.m in Sources */ = {isa = PBXBuildFile; fileRef = 00E356F21AD99517003FC87E /* BelajariahTests.m */; };
		E9294066D4A24E258DCC3DAD /* AntDesign.ttf in Resources */ = {isa = PBXBuildFile; fileRef = 4821FAC102C8438F8CD0F3D9 /* AntDesign.ttf */; };
		AEB1921F654C4BFB936BCBA4 /* Entypo.ttf in Resources */ = {isa = PBXBuildFile; fileRef = 6DF81F2DEFFD401AA56DBC24 /* Entypo.ttf */; };
		4BCFCA8C5D3A4720BE159FBC /* EvilIcons.ttf in Resources */ = {isa = PBXBuildFile; fileRef = 469119401F9342C18D4AB6B3 /* EvilIcons.ttf */; };
		A5045C382BC248DE958B9AD7 /* Feather.ttf in Resources */ = {isa = PBXBuildFile; fileRef = 3CC5F59917424497A7F345B9 /* Feather.ttf */; };
		C16B7C1C3BC54489AF3106AC /* FontAwesome.ttf in Resources */ = {isa = PBXBuildFile; fileRef = 21DF32DAD216479EB9A8A410 /* FontAwesome.ttf */; };
		14D731EBE4AF42DF8C10EBD5 /* FontAwesome5_Brands.ttf in Resources */ = {isa = PBXBuildFile; fileRef = 17DE8EBF76CC45FC92534423 /* FontAwesome5_Brands.ttf */; };
		934F1EFBEA734C92A7659B2F /* FontAwesome5_Regular.ttf in Resources */ = {isa = PBXBuildFile; fileRef = 29F84480ED80451F88A97A62 /* FontAwesome5_Regular.ttf */; };
		F60FC2F677B54E0B85CBD226 /* FontAwesome5_Solid.ttf in Resources */ = {isa = PBXBuildFile; fileRef = E14FFBEF75E34D59B9FC5B2C /* FontAwesome5_Solid.ttf */; };
		0379D63646E042DEA2CE7330 /* Fontisto.ttf in Resources */ = {isa = PBXBuildFile; fileRef = 2DCDA1389FD547F9A2460902 /* Fontisto.ttf */; };
		D317ACAE078C471DB399E43E /* Foundation.ttf in Resources */ = {isa = PBXBuildFile; fileRef = AD4E54D79FAC4B049D5ABC95 /* Foundation.ttf */; };
		0BD653F7EE8549B48E4A5C12 /* Ionicons.ttf in Resources */ = {isa = PBXBuildFile; fileRef = C1F953D5F8E04305ABB8A22A /* Ionicons.ttf */; };
		37C0D262B96B4C73AA9FB3BF /* MaterialCommunityIcons.ttf in Resources */ = {isa = PBXBuildFile; fileRef = CE37DB7719614FFFB37C7EFF /* MaterialCommunityIcons.ttf */; };
		58B6A630FB8E4B19B2882FE9 /* MaterialIcons.ttf in Resources */ = {isa = PBXBuildFile; fileRef = 7856BCA9AC1740BD9C807085 /* MaterialIcons.ttf */; };
		226580A824B34ED1BAC7A0C4 /* Octicons.ttf in Resources */ = {isa = PBXBuildFile; fileRef = 891E5300468B4E118FA8E220 /* Octicons.ttf */; };
		1EDB0FA98674444FBD86CBF8 /* SimpleLineIcons.ttf in Resources */ = {isa = PBXBuildFile; fileRef = 5C0F2DB6C4CB4C888819C902 /* SimpleLineIcons.ttf */; };
		73750E2BFE564E13986B5B5E /* Zocial.ttf in Resources */ = {isa = PBXBuildFile; fileRef = A7B7519872E44572A12599C4 /* Zocial.ttf */; };
		84155D217C0F41608D1F94BA /* OpenSans-Bold.ttf in Resources */ = {isa = PBXBuildFile; fileRef = B44A49BA40204C81BC510E25 /* OpenSans-Bold.ttf */; };
		F55BA62373D54B9D99583AB7 /* OpenSans-BoldItalic.ttf in Resources */ = {isa = PBXBuildFile; fileRef = 8F7EBB84B2604E53971C6766 /* OpenSans-BoldItalic.ttf */; };
		7DF359EDAE344586A5599D92 /* OpenSans-ExtraBold.ttf in Resources */ = {isa = PBXBuildFile; fileRef = 6FE69FCF40E94444B79C2395 /* OpenSans-ExtraBold.ttf */; };
		AFCA9501E91B401E9CEC5F14 /* OpenSans-ExtraBoldItalic.ttf in Resources */ = {isa = PBXBuildFile; fileRef = 8D2E2EF9BDC2487A8184D3F3 /* OpenSans-ExtraBoldItalic.ttf */; };
		B4DA70DC55E845659354D5D1 /* OpenSans-Italic.ttf in Resources */ = {isa = PBXBuildFile; fileRef = 4A63C09F91094F8C9D5078A0 /* OpenSans-Italic.ttf */; };
		5A92CDC1391A49BE943F8707 /* OpenSans-Light.ttf in Resources */ = {isa = PBXBuildFile; fileRef = 99CDDE7D22554DE1B0D4D392 /* OpenSans-Light.ttf */; };
		E29B53AD4D3A4CF2B4A877F0 /* OpenSans-LightItalic.ttf in Resources */ = {isa = PBXBuildFile; fileRef = 538BE6B1046A47C58C7305A1 /* OpenSans-LightItalic.ttf */; };
		6082772489C04FDDAC80D8DB /* OpenSans-Regular.ttf in Resources */ = {isa = PBXBuildFile; fileRef = F801BA4F060243B9A3427894 /* OpenSans-Regular.ttf */; };
		A9D074E629C44E07B53BF28D /* OpenSans-SemiBold.ttf in Resources */ = {isa = PBXBuildFile; fileRef = 13D06CB6240D42F18B35B16A /* OpenSans-SemiBold.ttf */; };
		53D5816B2FCA4D66822D7857 /* OpenSans-SemiBoldItalic.ttf in Resources */ = {isa = PBXBuildFile; fileRef = 6ED88BF82F38424498C735DA /* OpenSans-SemiBoldItalic.ttf */; };
		B7AE325745594FCEADFB4D04 /* Avenir-LT-Std-65-Medium.ttf in Resources */ = {isa = PBXBuildFile; fileRef = 02BDC9468FB14E0EB0FFF357 /* Avenir-LT-Std-65-Medium.ttf */; };
		1FD26E51BB5A4D298017294C /* Avenir-Next-LT-Pro-Bold.ttf in Resources */ = {isa = PBXBuildFile; fileRef = DC19810D23D1472E8FC26316 /* Avenir-Next-LT-Pro-Bold.ttf */; };
		627E30F19C8947A786FF7AAD /* OpenSans-Bold.ttf in Resources */ = {isa = PBXBuildFile; fileRef = 3A6EA778E84848FA91FD28EE /* OpenSans-Bold.ttf */; };
		1DD38576534B498F9A74D9B6 /* OpenSans-BoldItalic.ttf in Resources */ = {isa = PBXBuildFile; fileRef = 4263785A2A364094BDB5C044 /* OpenSans-BoldItalic.ttf */; };
		F6DBE50B0C1449538D08D712 /* OpenSans-ExtraBold.ttf in Resources */ = {isa = PBXBuildFile; fileRef = 503D6D1F5F3E484DAAEE1A2D /* OpenSans-ExtraBold.ttf */; };
		195683071F164E78AC000F2B /* OpenSans-ExtraBoldItalic.ttf in Resources */ = {isa = PBXBuildFile; fileRef = 8FE1691736F14868873914D6 /* OpenSans-ExtraBoldItalic.ttf */; };
		EA6320AB34ED444E81BAE1E9 /* OpenSans-Italic.ttf in Resources */ = {isa = PBXBuildFile; fileRef = 1B21F572FD994FAFB1608F10 /* OpenSans-Italic.ttf */; };
		E503CE2BA5704A41BE49B762 /* OpenSans-Light.ttf in Resources */ = {isa = PBXBuildFile; fileRef = 97DB3444C7EE4DD9BF8615B6 /* OpenSans-Light.ttf */; };
		95997A4A1D6447B292313E7F /* OpenSans-LightItalic.ttf in Resources */ = {isa = PBXBuildFile; fileRef = C4487B0925394AA08DA33432 /* OpenSans-LightItalic.ttf */; };
		8D62FC4D97984B13830D24C7 /* OpenSans-Regular.ttf in Resources */ = {isa = PBXBuildFile; fileRef = 0ED0F90F9E834152941F1BA3 /* OpenSans-Regular.ttf */; };
		C3FB16358EBE4DE3900D0AF4 /* OpenSans-SemiBold.ttf in Resources */ = {isa = PBXBuildFile; fileRef = 65C4B42565A14FBEB528C259 /* OpenSans-SemiBold.ttf */; };
		12DF8A93F9AC4643887C945B /* OpenSans-SemiBoldItalic.ttf in Resources */ = {isa = PBXBuildFile; fileRef = E0013E45BEAD49BBB8916759 /* OpenSans-SemiBoldItalic.ttf */; };
		A9882CB9DEAD4B908DB6A435 /* Ionicons.ttf in Resources */ = {isa = PBXBuildFile; fileRef = CE45D91DFEBA4E04BCF51920 /* Ionicons.ttf */; };
		11F4933D43654A19978453D3 /* Avenir-LT-Std-65-Medium.ttf in Resources */ = {isa = PBXBuildFile; fileRef = AEB9F43AE52A4D88B58509C7 /* Avenir-LT-Std-65-Medium.ttf */; };
		31C6FA03A880479D907E69D0 /* Avenir-Next-LT-Pro-Bold.ttf in Resources */ = {isa = PBXBuildFile; fileRef = 1DDCF04FDEFD44F8A750C4FC /* Avenir-Next-LT-Pro-Bold.ttf */; };
		0E5AA08B7674419EA570E8C1 /* OpenSans-Bold.ttf in Resources */ = {isa = PBXBuildFile; fileRef = 7D804B6C376445A697535C36 /* OpenSans-Bold.ttf */; };
		D1E03A876A9A4E5BA18F8FB9 /* OpenSans-BoldItalic.ttf in Resources */ = {isa = PBXBuildFile; fileRef = BFB636EEDDFE4F1F9178EA08 /* OpenSans-BoldItalic.ttf */; };
		00D7E5490041420880C2600D /* OpenSans-ExtraBold.ttf in Resources */ = {isa = PBXBuildFile; fileRef = 1833F3051EFE4FA09A63F1D9 /* OpenSans-ExtraBold.ttf */; };
		9391F8A187E643A0B72C31E9 /* OpenSans-ExtraBoldItalic.ttf in Resources */ = {isa = PBXBuildFile; fileRef = 3FE4C9B8EB064D01887DF41B /* OpenSans-ExtraBoldItalic.ttf */; };
		CDF3D25DC8A84ED8807B5BC5 /* OpenSans-Italic.ttf in Resources */ = {isa = PBXBuildFile; fileRef = E8644EC5CCC94BB796AF76AF /* OpenSans-Italic.ttf */; };
		F3D001C9E75B4AA08683354A /* OpenSans-Light.ttf in Resources */ = {isa = PBXBuildFile; fileRef = 9E0EA6DB993A4D7B93388A31 /* OpenSans-Light.ttf */; };
		7FF679F9BB8F4AB5B4B5C5D1 /* OpenSans-LightItalic.ttf in Resources */ = {isa = PBXBuildFile; fileRef = F9AA9F502E854BD49C88DB38 /* OpenSans-LightItalic.ttf */; };
		F5C4C019DF0C4F158D76B582 /* OpenSans-Regular.ttf in Resources */ = {isa = PBXBuildFile; fileRef = B77DE391FE474D028FC83EA5 /* OpenSans-Regular.ttf */; };
		F55BA5A8DD514345841DABE0 /* OpenSans-SemiBold.ttf in Resources */ = {isa = PBXBuildFile; fileRef = 5A92B2FEFF4F4798AC3AFA77 /* OpenSans-SemiBold.ttf */; };
		B37A3B89A60842E6BC2FBA6F /* OpenSans-SemiBoldItalic.ttf in Resources */ = {isa = PBXBuildFile; fileRef = 96A73B51453943EE849B1002 /* OpenSans-SemiBoldItalic.ttf */; };
		63D096EA49AA4723A90F8939 /* Avenir-Next-LT-Pro-Demi.ttf in Resources */ = {isa = PBXBuildFile; fileRef = F77D2BC1F0FC45849CB1DD4A /* Avenir-Next-LT-Pro-Demi.ttf */; };
		FDD20345F96F45F1972A07EE /* Berkshire-Swash-Regular.ttf in Resources */ = {isa = PBXBuildFile; fileRef = FA772E7D280B44779F7B4997 /* Berkshire-Swash-Regular.ttf */; };
/* End PBXBuildFile section */

/* Begin PBXContainerItemProxy section */
		00E356F41AD99517003FC87E /* PBXContainerItemProxy */ = {
			isa = PBXContainerItemProxy;
			containerPortal = 83CBB9F71A601CBA00E9B192 /* Project object */;
			proxyType = 1;
			remoteGlobalIDString = 13B07F861A680F5B00A75B9A;
			remoteInfo = Belajariah;
		};
		2D02E4911E0B4A5D006451C7 /* PBXContainerItemProxy */ = {
			isa = PBXContainerItemProxy;
			containerPortal = 83CBB9F71A601CBA00E9B192 /* Project object */;
			proxyType = 1;
			remoteGlobalIDString = 2D02E47A1E0B4A5D006451C7;
			remoteInfo = "Belajariah-tvOS";
		};
/* End PBXContainerItemProxy section */

/* Begin PBXFileReference section */
		008F07F21AC5B25A0029DE68 /* main.jsbundle */ = {isa = PBXFileReference; fileEncoding = 4; lastKnownFileType = text; path = main.jsbundle; sourceTree = "<group>"; };
		00E356EE1AD99517003FC87E /* BelajariahTests.xctest */ = {isa = PBXFileReference; explicitFileType = wrapper.cfbundle; includeInIndex = 0; path = BelajariahTests.xctest; sourceTree = BUILT_PRODUCTS_DIR; };
		00E356F11AD99517003FC87E /* Info.plist */ = {isa = PBXFileReference; lastKnownFileType = text.plist.xml; path = Info.plist; sourceTree = "<group>"; };
		00E356F21AD99517003FC87E /* BelajariahTests.m */ = {isa = PBXFileReference; lastKnownFileType = sourcecode.c.objc; path = BelajariahTests.m; sourceTree = "<group>"; };
		13B07F961A680F5B00A75B9A /* Belajariah.app */ = {isa = PBXFileReference; explicitFileType = wrapper.application; includeInIndex = 0; path = Belajariah.app; sourceTree = BUILT_PRODUCTS_DIR; };
		13B07FAF1A68108700A75B9A /* AppDelegate.h */ = {isa = PBXFileReference; fileEncoding = 4; lastKnownFileType = sourcecode.c.h; name = AppDelegate.h; path = Belajariah/AppDelegate.h; sourceTree = "<group>"; };
		13B07FB01A68108700A75B9A /* AppDelegate.m */ = {isa = PBXFileReference; fileEncoding = 4; lastKnownFileType = sourcecode.c.objc; name = AppDelegate.m; path = Belajariah/AppDelegate.m; sourceTree = "<group>"; };
		13B07FB21A68108700A75B9A /* Base */ = {isa = PBXFileReference; lastKnownFileType = file.xib; name = Base; path = Base.lproj/LaunchScreen.xib; sourceTree = "<group>"; };
		13B07FB51A68108700A75B9A /* Images.xcassets */ = {isa = PBXFileReference; lastKnownFileType = folder.assetcatalog; name = Images.xcassets; path = Belajariah/Images.xcassets; sourceTree = "<group>"; };
		13B07FB61A68108700A75B9A /* Info.plist */ = {isa = PBXFileReference; fileEncoding = 4; lastKnownFileType = text.plist.xml; name = Info.plist; path = Belajariah/Info.plist; sourceTree = "<group>"; };
		13B07FB71A68108700A75B9A /* main.m */ = {isa = PBXFileReference; fileEncoding = 4; lastKnownFileType = sourcecode.c.objc; name = main.m; path = Belajariah/main.m; sourceTree = "<group>"; };
		2D02E47B1E0B4A5D006451C7 /* Belajariah-tvOS.app */ = {isa = PBXFileReference; explicitFileType = wrapper.application; includeInIndex = 0; path = "Belajariah-tvOS.app"; sourceTree = BUILT_PRODUCTS_DIR; };
		2D02E4901E0B4A5D006451C7 /* Belajariah-tvOSTests.xctest */ = {isa = PBXFileReference; explicitFileType = wrapper.cfbundle; includeInIndex = 0; path = "Belajariah-tvOSTests.xctest"; sourceTree = BUILT_PRODUCTS_DIR; };
		ED297162215061F000B7C4FE /* JavaScriptCore.framework */ = {isa = PBXFileReference; lastKnownFileType = wrapper.framework; name = JavaScriptCore.framework; path = System/Library/Frameworks/JavaScriptCore.framework; sourceTree = SDKROOT; };
		ED2971642150620600B7C4FE /* JavaScriptCore.framework */ = {isa = PBXFileReference; lastKnownFileType = wrapper.framework; name = JavaScriptCore.framework; path = Platforms/AppleTVOS.platform/Developer/SDKs/AppleTVOS12.0.sdk/System/Library/Frameworks/JavaScriptCore.framework; sourceTree = DEVELOPER_DIR; };
		4821FAC102C8438F8CD0F3D9 /* AntDesign.ttf */ = {isa = PBXFileReference; name = "AntDesign.ttf"; path = "../node_modules/react-native-vector-icons/Fonts/AntDesign.ttf"; sourceTree = "<group>"; fileEncoding = undefined; lastKnownFileType = unknown; explicitFileType = undefined; includeInIndex = 0; };
		6DF81F2DEFFD401AA56DBC24 /* Entypo.ttf */ = {isa = PBXFileReference; name = "Entypo.ttf"; path = "../node_modules/react-native-vector-icons/Fonts/Entypo.ttf"; sourceTree = "<group>"; fileEncoding = undefined; lastKnownFileType = unknown; explicitFileType = undefined; includeInIndex = 0; };
		469119401F9342C18D4AB6B3 /* EvilIcons.ttf */ = {isa = PBXFileReference; name = "EvilIcons.ttf"; path = "../node_modules/react-native-vector-icons/Fonts/EvilIcons.ttf"; sourceTree = "<group>"; fileEncoding = undefined; lastKnownFileType = unknown; explicitFileType = undefined; includeInIndex = 0; };
		3CC5F59917424497A7F345B9 /* Feather.ttf */ = {isa = PBXFileReference; name = "Feather.ttf"; path = "../node_modules/react-native-vector-icons/Fonts/Feather.ttf"; sourceTree = "<group>"; fileEncoding = undefined; lastKnownFileType = unknown; explicitFileType = undefined; includeInIndex = 0; };
		21DF32DAD216479EB9A8A410 /* FontAwesome.ttf */ = {isa = PBXFileReference; name = "FontAwesome.ttf"; path = "../node_modules/react-native-vector-icons/Fonts/FontAwesome.ttf"; sourceTree = "<group>"; fileEncoding = undefined; lastKnownFileType = unknown; explicitFileType = undefined; includeInIndex = 0; };
		17DE8EBF76CC45FC92534423 /* FontAwesome5_Brands.ttf */ = {isa = PBXFileReference; name = "FontAwesome5_Brands.ttf"; path = "../node_modules/react-native-vector-icons/Fonts/FontAwesome5_Brands.ttf"; sourceTree = "<group>"; fileEncoding = undefined; lastKnownFileType = unknown; explicitFileType = undefined; includeInIndex = 0; };
		29F84480ED80451F88A97A62 /* FontAwesome5_Regular.ttf */ = {isa = PBXFileReference; name = "FontAwesome5_Regular.ttf"; path = "../node_modules/react-native-vector-icons/Fonts/FontAwesome5_Regular.ttf"; sourceTree = "<group>"; fileEncoding = undefined; lastKnownFileType = unknown; explicitFileType = undefined; includeInIndex = 0; };
		E14FFBEF75E34D59B9FC5B2C /* FontAwesome5_Solid.ttf */ = {isa = PBXFileReference; name = "FontAwesome5_Solid.ttf"; path = "../node_modules/react-native-vector-icons/Fonts/FontAwesome5_Solid.ttf"; sourceTree = "<group>"; fileEncoding = undefined; lastKnownFileType = unknown; explicitFileType = undefined; includeInIndex = 0; };
		2DCDA1389FD547F9A2460902 /* Fontisto.ttf */ = {isa = PBXFileReference; name = "Fontisto.ttf"; path = "../node_modules/react-native-vector-icons/Fonts/Fontisto.ttf"; sourceTree = "<group>"; fileEncoding = undefined; lastKnownFileType = unknown; explicitFileType = undefined; includeInIndex = 0; };
		AD4E54D79FAC4B049D5ABC95 /* Foundation.ttf */ = {isa = PBXFileReference; name = "Foundation.ttf"; path = "../node_modules/react-native-vector-icons/Fonts/Foundation.ttf"; sourceTree = "<group>"; fileEncoding = undefined; lastKnownFileType = unknown; explicitFileType = undefined; includeInIndex = 0; };
		C1F953D5F8E04305ABB8A22A /* Ionicons.ttf */ = {isa = PBXFileReference; name = "Ionicons.ttf"; path = "../node_modules/react-native-vector-icons/Fonts/Ionicons.ttf"; sourceTree = "<group>"; fileEncoding = undefined; lastKnownFileType = unknown; explicitFileType = undefined; includeInIndex = 0; };
		CE37DB7719614FFFB37C7EFF /* MaterialCommunityIcons.ttf */ = {isa = PBXFileReference; name = "MaterialCommunityIcons.ttf"; path = "../node_modules/react-native-vector-icons/Fonts/MaterialCommunityIcons.ttf"; sourceTree = "<group>"; fileEncoding = undefined; lastKnownFileType = unknown; explicitFileType = undefined; includeInIndex = 0; };
		7856BCA9AC1740BD9C807085 /* MaterialIcons.ttf */ = {isa = PBXFileReference; name = "MaterialIcons.ttf"; path = "../node_modules/react-native-vector-icons/Fonts/MaterialIcons.ttf"; sourceTree = "<group>"; fileEncoding = undefined; lastKnownFileType = unknown; explicitFileType = undefined; includeInIndex = 0; };
		891E5300468B4E118FA8E220 /* Octicons.ttf */ = {isa = PBXFileReference; name = "Octicons.ttf"; path = "../node_modules/react-native-vector-icons/Fonts/Octicons.ttf"; sourceTree = "<group>"; fileEncoding = undefined; lastKnownFileType = unknown; explicitFileType = undefined; includeInIndex = 0; };
		5C0F2DB6C4CB4C888819C902 /* SimpleLineIcons.ttf */ = {isa = PBXFileReference; name = "SimpleLineIcons.ttf"; path = "../node_modules/react-native-vector-icons/Fonts/SimpleLineIcons.ttf"; sourceTree = "<group>"; fileEncoding = undefined; lastKnownFileType = unknown; explicitFileType = undefined; includeInIndex = 0; };
		A7B7519872E44572A12599C4 /* Zocial.ttf */ = {isa = PBXFileReference; name = "Zocial.ttf"; path = "../node_modules/react-native-vector-icons/Fonts/Zocial.ttf"; sourceTree = "<group>"; fileEncoding = undefined; lastKnownFileType = unknown; explicitFileType = undefined; includeInIndex = 0; };
		B44A49BA40204C81BC510E25 /* OpenSans-Bold.ttf */ = {isa = PBXFileReference; name = "OpenSans-Bold.ttf"; path = "../assets/OpenSans-Bold.ttf"; sourceTree = "<group>"; fileEncoding = undefined; lastKnownFileType = unknown; explicitFileType = undefined; includeInIndex = 0; };
		8F7EBB84B2604E53971C6766 /* OpenSans-BoldItalic.ttf */ = {isa = PBXFileReference; name = "OpenSans-BoldItalic.ttf"; path = "../assets/OpenSans-BoldItalic.ttf"; sourceTree = "<group>"; fileEncoding = undefined; lastKnownFileType = unknown; explicitFileType = undefined; includeInIndex = 0; };
		6FE69FCF40E94444B79C2395 /* OpenSans-ExtraBold.ttf */ = {isa = PBXFileReference; name = "OpenSans-ExtraBold.ttf"; path = "../assets/OpenSans-ExtraBold.ttf"; sourceTree = "<group>"; fileEncoding = undefined; lastKnownFileType = unknown; explicitFileType = undefined; includeInIndex = 0; };
		8D2E2EF9BDC2487A8184D3F3 /* OpenSans-ExtraBoldItalic.ttf */ = {isa = PBXFileReference; name = "OpenSans-ExtraBoldItalic.ttf"; path = "../assets/OpenSans-ExtraBoldItalic.ttf"; sourceTree = "<group>"; fileEncoding = undefined; lastKnownFileType = unknown; explicitFileType = undefined; includeInIndex = 0; };
		4A63C09F91094F8C9D5078A0 /* OpenSans-Italic.ttf */ = {isa = PBXFileReference; name = "OpenSans-Italic.ttf"; path = "../assets/OpenSans-Italic.ttf"; sourceTree = "<group>"; fileEncoding = undefined; lastKnownFileType = unknown; explicitFileType = undefined; includeInIndex = 0; };
		99CDDE7D22554DE1B0D4D392 /* OpenSans-Light.ttf */ = {isa = PBXFileReference; name = "OpenSans-Light.ttf"; path = "../assets/OpenSans-Light.ttf"; sourceTree = "<group>"; fileEncoding = undefined; lastKnownFileType = unknown; explicitFileType = undefined; includeInIndex = 0; };
		538BE6B1046A47C58C7305A1 /* OpenSans-LightItalic.ttf */ = {isa = PBXFileReference; name = "OpenSans-LightItalic.ttf"; path = "../assets/OpenSans-LightItalic.ttf"; sourceTree = "<group>"; fileEncoding = undefined; lastKnownFileType = unknown; explicitFileType = undefined; includeInIndex = 0; };
		F801BA4F060243B9A3427894 /* OpenSans-Regular.ttf */ = {isa = PBXFileReference; name = "OpenSans-Regular.ttf"; path = "../assets/OpenSans-Regular.ttf"; sourceTree = "<group>"; fileEncoding = undefined; lastKnownFileType = unknown; explicitFileType = undefined; includeInIndex = 0; };
		13D06CB6240D42F18B35B16A /* OpenSans-SemiBold.ttf */ = {isa = PBXFileReference; name = "OpenSans-SemiBold.ttf"; path = "../assets/OpenSans-SemiBold.ttf"; sourceTree = "<group>"; fileEncoding = undefined; lastKnownFileType = unknown; explicitFileType = undefined; includeInIndex = 0; };
		6ED88BF82F38424498C735DA /* OpenSans-SemiBoldItalic.ttf */ = {isa = PBXFileReference; name = "OpenSans-SemiBoldItalic.ttf"; path = "../assets/OpenSans-SemiBoldItalic.ttf"; sourceTree = "<group>"; fileEncoding = undefined; lastKnownFileType = unknown; explicitFileType = undefined; includeInIndex = 0; };
		02BDC9468FB14E0EB0FFF357 /* Avenir-LT-Std-65-Medium.ttf */ = {isa = PBXFileReference; name = "Avenir-LT-Std-65-Medium.ttf"; path = "../src/Assets/Fonts/Avenir-LT-Std-65-Medium.ttf"; sourceTree = "<group>"; fileEncoding = undefined; lastKnownFileType = unknown; explicitFileType = undefined; includeInIndex = 0; };
		DC19810D23D1472E8FC26316 /* Avenir-Next-LT-Pro-Bold.ttf */ = {isa = PBXFileReference; name = "Avenir-Next-LT-Pro-Bold.ttf"; path = "../src/Assets/Fonts/Avenir-Next-LT-Pro-Bold.ttf"; sourceTree = "<group>"; fileEncoding = undefined; lastKnownFileType = unknown; explicitFileType = undefined; includeInIndex = 0; };
		3A6EA778E84848FA91FD28EE /* OpenSans-Bold.ttf */ = {isa = PBXFileReference; name = "OpenSans-Bold.ttf"; path = "../src/Assets/Fonts/OpenSans-Bold.ttf"; sourceTree = "<group>"; fileEncoding = undefined; lastKnownFileType = unknown; explicitFileType = undefined; includeInIndex = 0; };
		4263785A2A364094BDB5C044 /* OpenSans-BoldItalic.ttf */ = {isa = PBXFileReference; name = "OpenSans-BoldItalic.ttf"; path = "../src/Assets/Fonts/OpenSans-BoldItalic.ttf"; sourceTree = "<group>"; fileEncoding = undefined; lastKnownFileType = unknown; explicitFileType = undefined; includeInIndex = 0; };
		503D6D1F5F3E484DAAEE1A2D /* OpenSans-ExtraBold.ttf */ = {isa = PBXFileReference; name = "OpenSans-ExtraBold.ttf"; path = "../src/Assets/Fonts/OpenSans-ExtraBold.ttf"; sourceTree = "<group>"; fileEncoding = undefined; lastKnownFileType = unknown; explicitFileType = undefined; includeInIndex = 0; };
		8FE1691736F14868873914D6 /* OpenSans-ExtraBoldItalic.ttf */ = {isa = PBXFileReference; name = "OpenSans-ExtraBoldItalic.ttf"; path = "../src/Assets/Fonts/OpenSans-ExtraBoldItalic.ttf"; sourceTree = "<group>"; fileEncoding = undefined; lastKnownFileType = unknown; explicitFileType = undefined; includeInIndex = 0; };
		1B21F572FD994FAFB1608F10 /* OpenSans-Italic.ttf */ = {isa = PBXFileReference; name = "OpenSans-Italic.ttf"; path = "../src/Assets/Fonts/OpenSans-Italic.ttf"; sourceTree = "<group>"; fileEncoding = undefined; lastKnownFileType = unknown; explicitFileType = undefined; includeInIndex = 0; };
		97DB3444C7EE4DD9BF8615B6 /* OpenSans-Light.ttf */ = {isa = PBXFileReference; name = "OpenSans-Light.ttf"; path = "../src/Assets/Fonts/OpenSans-Light.ttf"; sourceTree = "<group>"; fileEncoding = undefined; lastKnownFileType = unknown; explicitFileType = undefined; includeInIndex = 0; };
		C4487B0925394AA08DA33432 /* OpenSans-LightItalic.ttf */ = {isa = PBXFileReference; name = "OpenSans-LightItalic.ttf"; path = "../src/Assets/Fonts/OpenSans-LightItalic.ttf"; sourceTree = "<group>"; fileEncoding = undefined; lastKnownFileType = unknown; explicitFileType = undefined; includeInIndex = 0; };
		0ED0F90F9E834152941F1BA3 /* OpenSans-Regular.ttf */ = {isa = PBXFileReference; name = "OpenSans-Regular.ttf"; path = "../src/Assets/Fonts/OpenSans-Regular.ttf"; sourceTree = "<group>"; fileEncoding = undefined; lastKnownFileType = unknown; explicitFileType = undefined; includeInIndex = 0; };
		65C4B42565A14FBEB528C259 /* OpenSans-SemiBold.ttf */ = {isa = PBXFileReference; name = "OpenSans-SemiBold.ttf"; path = "../src/Assets/Fonts/OpenSans-SemiBold.ttf"; sourceTree = "<group>"; fileEncoding = undefined; lastKnownFileType = unknown; explicitFileType = undefined; includeInIndex = 0; };
		E0013E45BEAD49BBB8916759 /* OpenSans-SemiBoldItalic.ttf */ = {isa = PBXFileReference; name = "OpenSans-SemiBoldItalic.ttf"; path = "../src/Assets/Fonts/OpenSans-SemiBoldItalic.ttf"; sourceTree = "<group>"; fileEncoding = undefined; lastKnownFileType = unknown; explicitFileType = undefined; includeInIndex = 0; };
		CE45D91DFEBA4E04BCF51920 /* Ionicons.ttf */ = {isa = PBXFileReference; name = "Ionicons.ttf"; path = "../node_modules/react-native-ionicons/fonts/Ionicons.ttf"; sourceTree = "<group>"; fileEncoding = undefined; lastKnownFileType = unknown; explicitFileType = undefined; includeInIndex = 0; };
		AEB9F43AE52A4D88B58509C7 /* Avenir-LT-Std-65-Medium.ttf */ = {isa = PBXFileReference; name = "Avenir-LT-Std-65-Medium.ttf"; path = "../src/assets/fonts/Avenir-LT-Std-65-Medium.ttf"; sourceTree = "<group>"; fileEncoding = undefined; lastKnownFileType = unknown; explicitFileType = undefined; includeInIndex = 0; };
		1DDCF04FDEFD44F8A750C4FC /* Avenir-Next-LT-Pro-Bold.ttf */ = {isa = PBXFileReference; name = "Avenir-Next-LT-Pro-Bold.ttf"; path = "../src/assets/fonts/Avenir-Next-LT-Pro-Bold.ttf"; sourceTree = "<group>"; fileEncoding = undefined; lastKnownFileType = unknown; explicitFileType = undefined; includeInIndex = 0; };
		7D804B6C376445A697535C36 /* OpenSans-Bold.ttf */ = {isa = PBXFileReference; name = "OpenSans-Bold.ttf"; path = "../src/assets/fonts/OpenSans-Bold.ttf"; sourceTree = "<group>"; fileEncoding = undefined; lastKnownFileType = unknown; explicitFileType = undefined; includeInIndex = 0; };
		BFB636EEDDFE4F1F9178EA08 /* OpenSans-BoldItalic.ttf */ = {isa = PBXFileReference; name = "OpenSans-BoldItalic.ttf"; path = "../src/assets/fonts/OpenSans-BoldItalic.ttf"; sourceTree = "<group>"; fileEncoding = undefined; lastKnownFileType = unknown; explicitFileType = undefined; includeInIndex = 0; };
		1833F3051EFE4FA09A63F1D9 /* OpenSans-ExtraBold.ttf */ = {isa = PBXFileReference; name = "OpenSans-ExtraBold.ttf"; path = "../src/assets/fonts/OpenSans-ExtraBold.ttf"; sourceTree = "<group>"; fileEncoding = undefined; lastKnownFileType = unknown; explicitFileType = undefined; includeInIndex = 0; };
		3FE4C9B8EB064D01887DF41B /* OpenSans-ExtraBoldItalic.ttf */ = {isa = PBXFileReference; name = "OpenSans-ExtraBoldItalic.ttf"; path = "../src/assets/fonts/OpenSans-ExtraBoldItalic.ttf"; sourceTree = "<group>"; fileEncoding = undefined; lastKnownFileType = unknown; explicitFileType = undefined; includeInIndex = 0; };
		E8644EC5CCC94BB796AF76AF /* OpenSans-Italic.ttf */ = {isa = PBXFileReference; name = "OpenSans-Italic.ttf"; path = "../src/assets/fonts/OpenSans-Italic.ttf"; sourceTree = "<group>"; fileEncoding = undefined; lastKnownFileType = unknown; explicitFileType = undefined; includeInIndex = 0; };
		9E0EA6DB993A4D7B93388A31 /* OpenSans-Light.ttf */ = {isa = PBXFileReference; name = "OpenSans-Light.ttf"; path = "../src/assets/fonts/OpenSans-Light.ttf"; sourceTree = "<group>"; fileEncoding = undefined; lastKnownFileType = unknown; explicitFileType = undefined; includeInIndex = 0; };
		F9AA9F502E854BD49C88DB38 /* OpenSans-LightItalic.ttf */ = {isa = PBXFileReference; name = "OpenSans-LightItalic.ttf"; path = "../src/assets/fonts/OpenSans-LightItalic.ttf"; sourceTree = "<group>"; fileEncoding = undefined; lastKnownFileType = unknown; explicitFileType = undefined; includeInIndex = 0; };
		B77DE391FE474D028FC83EA5 /* OpenSans-Regular.ttf */ = {isa = PBXFileReference; name = "OpenSans-Regular.ttf"; path = "../src/assets/fonts/OpenSans-Regular.ttf"; sourceTree = "<group>"; fileEncoding = undefined; lastKnownFileType = unknown; explicitFileType = undefined; includeInIndex = 0; };
		5A92B2FEFF4F4798AC3AFA77 /* OpenSans-SemiBold.ttf */ = {isa = PBXFileReference; name = "OpenSans-SemiBold.ttf"; path = "../src/assets/fonts/OpenSans-SemiBold.ttf"; sourceTree = "<group>"; fileEncoding = undefined; lastKnownFileType = unknown; explicitFileType = undefined; includeInIndex = 0; };
		96A73B51453943EE849B1002 /* OpenSans-SemiBoldItalic.ttf */ = {isa = PBXFileReference; name = "OpenSans-SemiBoldItalic.ttf"; path = "../src/assets/fonts/OpenSans-SemiBoldItalic.ttf"; sourceTree = "<group>"; fileEncoding = undefined; lastKnownFileType = unknown; explicitFileType = undefined; includeInIndex = 0; };
		F77D2BC1F0FC45849CB1DD4A /* Avenir-Next-LT-Pro-Demi.ttf */ = {isa = PBXFileReference; name = "Avenir-Next-LT-Pro-Demi.ttf"; path = "../src/assets/fonts/Avenir-Next-LT-Pro-Demi.ttf"; sourceTree = "<group>"; fileEncoding = undefined; lastKnownFileType = unknown; explicitFileType = undefined; includeInIndex = 0; };
		FA772E7D280B44779F7B4997 /* Berkshire-Swash-Regular.ttf */ = {isa = PBXFileReference; name = "Berkshire-Swash-Regular.ttf"; path = "../src/assets/fonts/Berkshire-Swash-Regular.ttf"; sourceTree = "<group>"; fileEncoding = undefined; lastKnownFileType = unknown; explicitFileType = undefined; includeInIndex = 0; };
/* End PBXFileReference section */

/* Begin PBXFrameworksBuildPhase section */
		00E356EB1AD99517003FC87E /* Frameworks */ = {
			isa = PBXFrameworksBuildPhase;
			buildActionMask = 2147483647;
			files = (
			);
			runOnlyForDeploymentPostprocessing = 0;
		};
		13B07F8C1A680F5B00A75B9A /* Frameworks */ = {
			isa = PBXFrameworksBuildPhase;
			buildActionMask = 2147483647;
			files = (
			);
			runOnlyForDeploymentPostprocessing = 0;
		};
		2D02E4781E0B4A5D006451C7 /* Frameworks */ = {
			isa = PBXFrameworksBuildPhase;
			buildActionMask = 2147483647;
			files = (
			);
			runOnlyForDeploymentPostprocessing = 0;
		};
		2D02E48D1E0B4A5D006451C7 /* Frameworks */ = {
			isa = PBXFrameworksBuildPhase;
			buildActionMask = 2147483647;
			files = (
			);
			runOnlyForDeploymentPostprocessing = 0;
		};
/* End PBXFrameworksBuildPhase section */

/* Begin PBXGroup section */
		00E356EF1AD99517003FC87E /* BelajariahTests */ = {
			isa = PBXGroup;
			children = (
				00E356F21AD99517003FC87E /* BelajariahTests.m */,
				00E356F01AD99517003FC87E /* Supporting Files */,
			);
			path = BelajariahTests;
			sourceTree = "<group>";
		};
		00E356F01AD99517003FC87E /* Supporting Files */ = {
			isa = PBXGroup;
			children = (
				00E356F11AD99517003FC87E /* Info.plist */,
			);
			name = "Supporting Files";
			sourceTree = "<group>";
		};
		13B07FAE1A68108700A75B9A /* Belajariah */ = {
			isa = PBXGroup;
			children = (
				008F07F21AC5B25A0029DE68 /* main.jsbundle */,
				13B07FAF1A68108700A75B9A /* AppDelegate.h */,
				13B07FB01A68108700A75B9A /* AppDelegate.m */,
				13B07FB51A68108700A75B9A /* Images.xcassets */,
				13B07FB61A68108700A75B9A /* Info.plist */,
				13B07FB11A68108700A75B9A /* LaunchScreen.xib */,
				13B07FB71A68108700A75B9A /* main.m */,
			);
			name = Belajariah;
			sourceTree = "<group>";
		};
		2D16E6871FA4F8E400B85C8A /* Frameworks */ = {
			isa = PBXGroup;
			children = (
				ED297162215061F000B7C4FE /* JavaScriptCore.framework */,
				ED2971642150620600B7C4FE /* JavaScriptCore.framework */,
			);
			name = Frameworks;
			sourceTree = "<group>";
		};
		832341AE1AAA6A7D00B99B32 /* Libraries */ = {
			isa = PBXGroup;
			children = (
			);
			name = Libraries;
			sourceTree = "<group>";
		};
		83CBB9F61A601CBA00E9B192 = {
			isa = PBXGroup;
			children = (
				13B07FAE1A68108700A75B9A /* Belajariah */,
				832341AE1AAA6A7D00B99B32 /* Libraries */,
				00E356EF1AD99517003FC87E /* BelajariahTests */,
				83CBBA001A601CBA00E9B192 /* Products */,
				2D16E6871FA4F8E400B85C8A /* Frameworks */,
				9E96D4F98284449B9F48F715 /* Resources */,
			);
			indentWidth = 2;
			sourceTree = "<group>";
			tabWidth = 2;
			usesTabs = 0;
		};
		83CBBA001A601CBA00E9B192 /* Products */ = {
			isa = PBXGroup;
			children = (
				13B07F961A680F5B00A75B9A /* Belajariah.app */,
				00E356EE1AD99517003FC87E /* BelajariahTests.xctest */,
				2D02E47B1E0B4A5D006451C7 /* Belajariah-tvOS.app */,
				2D02E4901E0B4A5D006451C7 /* Belajariah-tvOSTests.xctest */,
			);
			name = Products;
			sourceTree = "<group>";
		};
		9E96D4F98284449B9F48F715 /* Resources */ = {
			isa = "PBXGroup";
			children = (
				4821FAC102C8438F8CD0F3D9 /* AntDesign.ttf */,
				6DF81F2DEFFD401AA56DBC24 /* Entypo.ttf */,
				469119401F9342C18D4AB6B3 /* EvilIcons.ttf */,
				3CC5F59917424497A7F345B9 /* Feather.ttf */,
				21DF32DAD216479EB9A8A410 /* FontAwesome.ttf */,
				17DE8EBF76CC45FC92534423 /* FontAwesome5_Brands.ttf */,
				29F84480ED80451F88A97A62 /* FontAwesome5_Regular.ttf */,
				E14FFBEF75E34D59B9FC5B2C /* FontAwesome5_Solid.ttf */,
				2DCDA1389FD547F9A2460902 /* Fontisto.ttf */,
				AD4E54D79FAC4B049D5ABC95 /* Foundation.ttf */,
				C1F953D5F8E04305ABB8A22A /* Ionicons.ttf */,
				CE37DB7719614FFFB37C7EFF /* MaterialCommunityIcons.ttf */,
				7856BCA9AC1740BD9C807085 /* MaterialIcons.ttf */,
				891E5300468B4E118FA8E220 /* Octicons.ttf */,
				5C0F2DB6C4CB4C888819C902 /* SimpleLineIcons.ttf */,
				A7B7519872E44572A12599C4 /* Zocial.ttf */,
				B44A49BA40204C81BC510E25 /* OpenSans-Bold.ttf */,
				8F7EBB84B2604E53971C6766 /* OpenSans-BoldItalic.ttf */,
				6FE69FCF40E94444B79C2395 /* OpenSans-ExtraBold.ttf */,
				8D2E2EF9BDC2487A8184D3F3 /* OpenSans-ExtraBoldItalic.ttf */,
				4A63C09F91094F8C9D5078A0 /* OpenSans-Italic.ttf */,
				99CDDE7D22554DE1B0D4D392 /* OpenSans-Light.ttf */,
				538BE6B1046A47C58C7305A1 /* OpenSans-LightItalic.ttf */,
				F801BA4F060243B9A3427894 /* OpenSans-Regular.ttf */,
				13D06CB6240D42F18B35B16A /* OpenSans-SemiBold.ttf */,
				6ED88BF82F38424498C735DA /* OpenSans-SemiBoldItalic.ttf */,
				02BDC9468FB14E0EB0FFF357 /* Avenir-LT-Std-65-Medium.ttf */,
				DC19810D23D1472E8FC26316 /* Avenir-Next-LT-Pro-Bold.ttf */,
				3A6EA778E84848FA91FD28EE /* OpenSans-Bold.ttf */,
				4263785A2A364094BDB5C044 /* OpenSans-BoldItalic.ttf */,
				503D6D1F5F3E484DAAEE1A2D /* OpenSans-ExtraBold.ttf */,
				8FE1691736F14868873914D6 /* OpenSans-ExtraBoldItalic.ttf */,
				1B21F572FD994FAFB1608F10 /* OpenSans-Italic.ttf */,
				97DB3444C7EE4DD9BF8615B6 /* OpenSans-Light.ttf */,
				C4487B0925394AA08DA33432 /* OpenSans-LightItalic.ttf */,
				0ED0F90F9E834152941F1BA3 /* OpenSans-Regular.ttf */,
				65C4B42565A14FBEB528C259 /* OpenSans-SemiBold.ttf */,
				E0013E45BEAD49BBB8916759 /* OpenSans-SemiBoldItalic.ttf */,
				CE45D91DFEBA4E04BCF51920 /* Ionicons.ttf */,
				AEB9F43AE52A4D88B58509C7 /* Avenir-LT-Std-65-Medium.ttf */,
				1DDCF04FDEFD44F8A750C4FC /* Avenir-Next-LT-Pro-Bold.ttf */,
				7D804B6C376445A697535C36 /* OpenSans-Bold.ttf */,
				BFB636EEDDFE4F1F9178EA08 /* OpenSans-BoldItalic.ttf */,
				1833F3051EFE4FA09A63F1D9 /* OpenSans-ExtraBold.ttf */,
				3FE4C9B8EB064D01887DF41B /* OpenSans-ExtraBoldItalic.ttf */,
				E8644EC5CCC94BB796AF76AF /* OpenSans-Italic.ttf */,
				9E0EA6DB993A4D7B93388A31 /* OpenSans-Light.ttf */,
				F9AA9F502E854BD49C88DB38 /* OpenSans-LightItalic.ttf */,
				B77DE391FE474D028FC83EA5 /* OpenSans-Regular.ttf */,
				5A92B2FEFF4F4798AC3AFA77 /* OpenSans-SemiBold.ttf */,
				96A73B51453943EE849B1002 /* OpenSans-SemiBoldItalic.ttf */,
				F77D2BC1F0FC45849CB1DD4A /* Avenir-Next-LT-Pro-Demi.ttf */,
				FA772E7D280B44779F7B4997 /* Berkshire-Swash-Regular.ttf */,
			);
			name = Resources;
			sourceTree = "<group>";
			path = "";
		};
/* End PBXGroup section */

/* Begin PBXNativeTarget section */
		00E356ED1AD99517003FC87E /* BelajariahTests */ = {
			isa = PBXNativeTarget;
			buildConfigurationList = 00E357021AD99517003FC87E /* Build configuration list for PBXNativeTarget "BelajariahTests" */;
			buildPhases = (
				00E356EA1AD99517003FC87E /* Sources */,
				00E356EB1AD99517003FC87E /* Frameworks */,
				00E356EC1AD99517003FC87E /* Resources */,
			);
			buildRules = (
			);
			dependencies = (
				00E356F51AD99517003FC87E /* PBXTargetDependency */,
			);
			name = BelajariahTests;
			productName = BelajariahTests;
			productReference = 00E356EE1AD99517003FC87E /* BelajariahTests.xctest */;
			productType = "com.apple.product-type.bundle.unit-test";
		};
		13B07F861A680F5B00A75B9A /* Belajariah */ = {
			isa = PBXNativeTarget;
			buildConfigurationList = 13B07F931A680F5B00A75B9A /* Build configuration list for PBXNativeTarget "Belajariah" */;
			buildPhases = (
				FD10A7F022414F080027D42C /* Start Packager */,
				13B07F871A680F5B00A75B9A /* Sources */,
				13B07F8C1A680F5B00A75B9A /* Frameworks */,
				13B07F8E1A680F5B00A75B9A /* Resources */,
				00DD1BFF1BD5951E006B06BC /* Bundle React Native code and images */,
			);
			buildRules = (
			);
			dependencies = (
			);
			name = Belajariah;
			productName = "Belajariah";
			productReference = 13B07F961A680F5B00A75B9A /* Belajariah.app */;
			productType = "com.apple.product-type.application";
		};
		2D02E47A1E0B4A5D006451C7 /* Belajariah-tvOS */ = {
			isa = PBXNativeTarget;
			buildConfigurationList = 2D02E4BA1E0B4A5E006451C7 /* Build configuration list for PBXNativeTarget "Belajariah-tvOS" */;
			buildPhases = (
				FD10A7F122414F3F0027D42C /* Start Packager */,
				2D02E4771E0B4A5D006451C7 /* Sources */,
				2D02E4781E0B4A5D006451C7 /* Frameworks */,
				2D02E4791E0B4A5D006451C7 /* Resources */,
				2D02E4CB1E0B4B27006451C7 /* Bundle React Native Code And Images */,
			);
			buildRules = (
			);
			dependencies = (
			);
			name = "Belajariah-tvOS";
			productName = "Belajariah-tvOS";
			productReference = 2D02E47B1E0B4A5D006451C7 /* Belajariah-tvOS.app */;
			productType = "com.apple.product-type.application";
		};
		2D02E48F1E0B4A5D006451C7 /* Belajariah-tvOSTests */ = {
			isa = PBXNativeTarget;
			buildConfigurationList = 2D02E4BB1E0B4A5E006451C7 /* Build configuration list for PBXNativeTarget "Belajariah-tvOSTests" */;
			buildPhases = (
				2D02E48C1E0B4A5D006451C7 /* Sources */,
				2D02E48D1E0B4A5D006451C7 /* Frameworks */,
				2D02E48E1E0B4A5D006451C7 /* Resources */,
			);
			buildRules = (
			);
			dependencies = (
				2D02E4921E0B4A5D006451C7 /* PBXTargetDependency */,
			);
			name = "Belajariah-tvOSTests";
			productName = "Belajariah-tvOSTests";
			productReference = 2D02E4901E0B4A5D006451C7 /* Belajariah-tvOSTests.xctest */;
			productType = "com.apple.product-type.bundle.unit-test";
		};
/* End PBXNativeTarget section */

/* Begin PBXProject section */
		83CBB9F71A601CBA00E9B192 /* Project object */ = {
			isa = PBXProject;
			attributes = {
				LastUpgradeCheck = 940;
				ORGANIZATIONNAME = Facebook;
				TargetAttributes = {
					00E356ED1AD99517003FC87E = {
						CreatedOnToolsVersion = 6.2;
						TestTargetID = 13B07F861A680F5B00A75B9A;
					};
					2D02E47A1E0B4A5D006451C7 = {
						CreatedOnToolsVersion = 8.2.1;
						ProvisioningStyle = Automatic;
					};
					2D02E48F1E0B4A5D006451C7 = {
						CreatedOnToolsVersion = 8.2.1;
						ProvisioningStyle = Automatic;
						TestTargetID = 2D02E47A1E0B4A5D006451C7;
					};
				};
			};
			buildConfigurationList = 83CBB9FA1A601CBA00E9B192 /* Build configuration list for PBXProject "Belajariah" */;
			compatibilityVersion = "Xcode 3.2";
			developmentRegion = English;
			hasScannedForEncodings = 0;
			knownRegions = (
				en,
				Base,
			);
			mainGroup = 83CBB9F61A601CBA00E9B192;
			productRefGroup = 83CBBA001A601CBA00E9B192 /* Products */;
			projectDirPath = "";
			projectRoot = "";
			targets = (
				13B07F861A680F5B00A75B9A /* Belajariah */,
				00E356ED1AD99517003FC87E /* BelajariahTests */,
				2D02E47A1E0B4A5D006451C7 /* Belajariah-tvOS */,
				2D02E48F1E0B4A5D006451C7 /* Belajariah-tvOSTests */,
			);
		};
/* End PBXProject section */

/* Begin PBXResourcesBuildPhase section */
		00E356EC1AD99517003FC87E /* Resources */ = {
			isa = PBXResourcesBuildPhase;
			buildActionMask = 2147483647;
			files = (
			);
			runOnlyForDeploymentPostprocessing = 0;
		};
		13B07F8E1A680F5B00A75B9A /* Resources */ = {
			isa = PBXResourcesBuildPhase;
			buildActionMask = 2147483647;
			files = (
				13B07FBF1A68108700A75B9A /* Images.xcassets in Resources */,
				13B07FBD1A68108700A75B9A /* LaunchScreen.xib in Resources */,
				E9294066D4A24E258DCC3DAD /* AntDesign.ttf in Resources */,
				AEB1921F654C4BFB936BCBA4 /* Entypo.ttf in Resources */,
				4BCFCA8C5D3A4720BE159FBC /* EvilIcons.ttf in Resources */,
				A5045C382BC248DE958B9AD7 /* Feather.ttf in Resources */,
				C16B7C1C3BC54489AF3106AC /* FontAwesome.ttf in Resources */,
				14D731EBE4AF42DF8C10EBD5 /* FontAwesome5_Brands.ttf in Resources */,
				934F1EFBEA734C92A7659B2F /* FontAwesome5_Regular.ttf in Resources */,
				F60FC2F677B54E0B85CBD226 /* FontAwesome5_Solid.ttf in Resources */,
				0379D63646E042DEA2CE7330 /* Fontisto.ttf in Resources */,
				D317ACAE078C471DB399E43E /* Foundation.ttf in Resources */,
				0BD653F7EE8549B48E4A5C12 /* Ionicons.ttf in Resources */,
				37C0D262B96B4C73AA9FB3BF /* MaterialCommunityIcons.ttf in Resources */,
				58B6A630FB8E4B19B2882FE9 /* MaterialIcons.ttf in Resources */,
				226580A824B34ED1BAC7A0C4 /* Octicons.ttf in Resources */,
				1EDB0FA98674444FBD86CBF8 /* SimpleLineIcons.ttf in Resources */,
				73750E2BFE564E13986B5B5E /* Zocial.ttf in Resources */,
				84155D217C0F41608D1F94BA /* OpenSans-Bold.ttf in Resources */,
				F55BA62373D54B9D99583AB7 /* OpenSans-BoldItalic.ttf in Resources */,
				7DF359EDAE344586A5599D92 /* OpenSans-ExtraBold.ttf in Resources */,
				AFCA9501E91B401E9CEC5F14 /* OpenSans-ExtraBoldItalic.ttf in Resources */,
				B4DA70DC55E845659354D5D1 /* OpenSans-Italic.ttf in Resources */,
				5A92CDC1391A49BE943F8707 /* OpenSans-Light.ttf in Resources */,
				E29B53AD4D3A4CF2B4A877F0 /* OpenSans-LightItalic.ttf in Resources */,
				6082772489C04FDDAC80D8DB /* OpenSans-Regular.ttf in Resources */,
				A9D074E629C44E07B53BF28D /* OpenSans-SemiBold.ttf in Resources */,
				53D5816B2FCA4D66822D7857 /* OpenSans-SemiBoldItalic.ttf in Resources */,
				B7AE325745594FCEADFB4D04 /* Avenir-LT-Std-65-Medium.ttf in Resources */,
				1FD26E51BB5A4D298017294C /* Avenir-Next-LT-Pro-Bold.ttf in Resources */,
				627E30F19C8947A786FF7AAD /* OpenSans-Bold.ttf in Resources */,
				1DD38576534B498F9A74D9B6 /* OpenSans-BoldItalic.ttf in Resources */,
				F6DBE50B0C1449538D08D712 /* OpenSans-ExtraBold.ttf in Resources */,
				195683071F164E78AC000F2B /* OpenSans-ExtraBoldItalic.ttf in Resources */,
				EA6320AB34ED444E81BAE1E9 /* OpenSans-Italic.ttf in Resources */,
				E503CE2BA5704A41BE49B762 /* OpenSans-Light.ttf in Resources */,
				95997A4A1D6447B292313E7F /* OpenSans-LightItalic.ttf in Resources */,
				8D62FC4D97984B13830D24C7 /* OpenSans-Regular.ttf in Resources */,
				C3FB16358EBE4DE3900D0AF4 /* OpenSans-SemiBold.ttf in Resources */,
				12DF8A93F9AC4643887C945B /* OpenSans-SemiBoldItalic.ttf in Resources */,
				A9882CB9DEAD4B908DB6A435 /* Ionicons.ttf in Resources */,
				11F4933D43654A19978453D3 /* Avenir-LT-Std-65-Medium.ttf in Resources */,
				31C6FA03A880479D907E69D0 /* Avenir-Next-LT-Pro-Bold.ttf in Resources */,
				0E5AA08B7674419EA570E8C1 /* OpenSans-Bold.ttf in Resources */,
				D1E03A876A9A4E5BA18F8FB9 /* OpenSans-BoldItalic.ttf in Resources */,
				00D7E5490041420880C2600D /* OpenSans-ExtraBold.ttf in Resources */,
				9391F8A187E643A0B72C31E9 /* OpenSans-ExtraBoldItalic.ttf in Resources */,
				CDF3D25DC8A84ED8807B5BC5 /* OpenSans-Italic.ttf in Resources */,
				F3D001C9E75B4AA08683354A /* OpenSans-Light.ttf in Resources */,
				7FF679F9BB8F4AB5B4B5C5D1 /* OpenSans-LightItalic.ttf in Resources */,
				F5C4C019DF0C4F158D76B582 /* OpenSans-Regular.ttf in Resources */,
				F55BA5A8DD514345841DABE0 /* OpenSans-SemiBold.ttf in Resources */,
				B37A3B89A60842E6BC2FBA6F /* OpenSans-SemiBoldItalic.ttf in Resources */,
				63D096EA49AA4723A90F8939 /* Avenir-Next-LT-Pro-Demi.ttf in Resources */,
				FDD20345F96F45F1972A07EE /* Berkshire-Swash-Regular.ttf in Resources */,
			);
			runOnlyForDeploymentPostprocessing = 0;
		};
		2D02E4791E0B4A5D006451C7 /* Resources */ = {
			isa = PBXResourcesBuildPhase;
			buildActionMask = 2147483647;
			files = (
				2D02E4BD1E0B4A84006451C7 /* Images.xcassets in Resources */,
			);
			runOnlyForDeploymentPostprocessing = 0;
		};
		2D02E48E1E0B4A5D006451C7 /* Resources */ = {
			isa = PBXResourcesBuildPhase;
			buildActionMask = 2147483647;
			files = (
			);
			runOnlyForDeploymentPostprocessing = 0;
		};
/* End PBXResourcesBuildPhase section */

/* Begin PBXShellScriptBuildPhase section */
		00DD1BFF1BD5951E006B06BC /* Bundle React Native code and images */ = {
			isa = PBXShellScriptBuildPhase;
			buildActionMask = 2147483647;
			files = (
			);
			inputPaths = (
			);
			name = "Bundle React Native code and images";
			outputPaths = (
			);
			runOnlyForDeploymentPostprocessing = 0;
			shellPath = /bin/sh;
			shellScript = "export NODE_BINARY=node\n../node_modules/react-native/scripts/react-native-xcode.sh";
		};
		2D02E4CB1E0B4B27006451C7 /* Bundle React Native Code And Images */ = {
			isa = PBXShellScriptBuildPhase;
			buildActionMask = 2147483647;
			files = (
			);
			inputPaths = (
			);
			name = "Bundle React Native Code And Images";
			outputPaths = (
			);
			runOnlyForDeploymentPostprocessing = 0;
			shellPath = /bin/sh;
			shellScript = "export NODE_BINARY=node\n../node_modules/react-native/scripts/react-native-xcode.sh";
		};
		FD10A7F022414F080027D42C /* Start Packager */ = {
			isa = PBXShellScriptBuildPhase;
			buildActionMask = 2147483647;
			files = (
			);
			inputFileListPaths = (
			);
			inputPaths = (
			);
			name = "Start Packager";
			outputFileListPaths = (
			);
			outputPaths = (
			);
			runOnlyForDeploymentPostprocessing = 0;
			shellPath = /bin/sh;
			shellScript = "export RCT_METRO_PORT=\"${RCT_METRO_PORT:=8081}\"\necho \"export RCT_METRO_PORT=${RCT_METRO_PORT}\" > \"${SRCROOT}/../node_modules/react-native/scripts/.packager.env\"\nif [ -z \"${RCT_NO_LAUNCH_PACKAGER+xxx}\" ] ; then\n  if nc -w 5 -z localhost ${RCT_METRO_PORT} ; then\n    if ! curl -s \"http://localhost:${RCT_METRO_PORT}/status\" | grep -q \"packager-status:running\" ; then\n      echo \"Port ${RCT_METRO_PORT} already in use, packager is either not running or not running correctly\"\n      exit 2\n    fi\n  else\n    open \"$SRCROOT/../node_modules/react-native/scripts/launchPackager.command\" || echo \"Can't start packager automatically\"\n  fi\nfi\n";
			showEnvVarsInLog = 0;
		};
		FD10A7F122414F3F0027D42C /* Start Packager */ = {
			isa = PBXShellScriptBuildPhase;
			buildActionMask = 2147483647;
			files = (
			);
			inputFileListPaths = (
			);
			inputPaths = (
			);
			name = "Start Packager";
			outputFileListPaths = (
			);
			outputPaths = (
			);
			runOnlyForDeploymentPostprocessing = 0;
			shellPath = /bin/sh;
			shellScript = "export RCT_METRO_PORT=\"${RCT_METRO_PORT:=8081}\"\necho \"export RCT_METRO_PORT=${RCT_METRO_PORT}\" > \"${SRCROOT}/../node_modules/react-native/scripts/.packager.env\"\nif [ -z \"${RCT_NO_LAUNCH_PACKAGER+xxx}\" ] ; then\n  if nc -w 5 -z localhost ${RCT_METRO_PORT} ; then\n    if ! curl -s \"http://localhost:${RCT_METRO_PORT}/status\" | grep -q \"packager-status:running\" ; then\n      echo \"Port ${RCT_METRO_PORT} already in use, packager is either not running or not running correctly\"\n      exit 2\n    fi\n  else\n    open \"$SRCROOT/../node_modules/react-native/scripts/launchPackager.command\" || echo \"Can't start packager automatically\"\n  fi\nfi\n";
			showEnvVarsInLog = 0;
		};
/* End PBXShellScriptBuildPhase section */

/* Begin PBXSourcesBuildPhase section */
		00E356EA1AD99517003FC87E /* Sources */ = {
			isa = PBXSourcesBuildPhase;
			buildActionMask = 2147483647;
			files = (
				00E356F31AD99517003FC87E /* BelajariahTests.m in Sources */,
			);
			runOnlyForDeploymentPostprocessing = 0;
		};
		13B07F871A680F5B00A75B9A /* Sources */ = {
			isa = PBXSourcesBuildPhase;
			buildActionMask = 2147483647;
			files = (
				13B07FBC1A68108700A75B9A /* AppDelegate.m in Sources */,
				13B07FC11A68108700A75B9A /* main.m in Sources */,
			);
			runOnlyForDeploymentPostprocessing = 0;
		};
		2D02E4771E0B4A5D006451C7 /* Sources */ = {
			isa = PBXSourcesBuildPhase;
			buildActionMask = 2147483647;
			files = (
				2D02E4BF1E0B4AB3006451C7 /* main.m in Sources */,
				2D02E4BC1E0B4A80006451C7 /* AppDelegate.m in Sources */,
			);
			runOnlyForDeploymentPostprocessing = 0;
		};
		2D02E48C1E0B4A5D006451C7 /* Sources */ = {
			isa = PBXSourcesBuildPhase;
			buildActionMask = 2147483647;
			files = (
				2DCD954D1E0B4F2C00145EB5 /* BelajariahTests.m in Sources */,
			);
			runOnlyForDeploymentPostprocessing = 0;
		};
/* End PBXSourcesBuildPhase section */

/* Begin PBXTargetDependency section */
		00E356F51AD99517003FC87E /* PBXTargetDependency */ = {
			isa = PBXTargetDependency;
			target = 13B07F861A680F5B00A75B9A /* Belajariah */;
			targetProxy = 00E356F41AD99517003FC87E /* PBXContainerItemProxy */;
		};
		2D02E4921E0B4A5D006451C7 /* PBXTargetDependency */ = {
			isa = PBXTargetDependency;
			target = 2D02E47A1E0B4A5D006451C7 /* Belajariah-tvOS */;
			targetProxy = 2D02E4911E0B4A5D006451C7 /* PBXContainerItemProxy */;
		};
/* End PBXTargetDependency section */

/* Begin PBXVariantGroup section */
		13B07FB11A68108700A75B9A /* LaunchScreen.xib */ = {
			isa = PBXVariantGroup;
			children = (
				13B07FB21A68108700A75B9A /* Base */,
			);
			name = LaunchScreen.xib;
			path = Belajariah;
			sourceTree = "<group>";
		};
/* End PBXVariantGroup section */

/* Begin XCBuildConfiguration section */
		00E356F61AD99517003FC87E /* Debug */ = {
			isa = XCBuildConfiguration;
			buildSettings = {
				BUNDLE_LOADER = "$(TEST_HOST)";
				GCC_PREPROCESSOR_DEFINITIONS = (
					"DEBUG=1",
					"$(inherited)",
				);
				INFOPLIST_FILE = BelajariahTests/Info.plist;
				IPHONEOS_DEPLOYMENT_TARGET = 9.0;
				LD_RUNPATH_SEARCH_PATHS = "$(inherited) @executable_path/Frameworks @loader_path/Frameworks";
				OTHER_LDFLAGS = (
					"-ObjC",
					"-lc++",
					"$(inherited)",
				);
				PRODUCT_BUNDLE_IDENTIFIER = "org.reactjs.native.example.$(PRODUCT_NAME:rfc1034identifier)";
				PRODUCT_NAME = "$(TARGET_NAME)";
				TEST_HOST = "$(BUILT_PRODUCTS_DIR)/Belajariah.app/Belajariah";
			};
			name = Debug;
		};
		00E356F71AD99517003FC87E /* Release */ = {
			isa = XCBuildConfiguration;
			buildSettings = {
				BUNDLE_LOADER = "$(TEST_HOST)";
				COPY_PHASE_STRIP = NO;
				INFOPLIST_FILE = BelajariahTests/Info.plist;
				IPHONEOS_DEPLOYMENT_TARGET = 9.0;
				LD_RUNPATH_SEARCH_PATHS = "$(inherited) @executable_path/Frameworks @loader_path/Frameworks";
				OTHER_LDFLAGS = (
					"-ObjC",
					"-lc++",
					"$(inherited)",
				);
				PRODUCT_BUNDLE_IDENTIFIER = "org.reactjs.native.example.$(PRODUCT_NAME:rfc1034identifier)";
				PRODUCT_NAME = "$(TARGET_NAME)";
				TEST_HOST = "$(BUILT_PRODUCTS_DIR)/Belajariah.app/Belajariah";
			};
			name = Release;
		};
		13B07F941A680F5B00A75B9A /* Debug */ = {
			isa = XCBuildConfiguration;
			buildSettings = {
				ASSETCATALOG_COMPILER_APPICON_NAME = AppIcon;
				CURRENT_PROJECT_VERSION = 1;
				DEAD_CODE_STRIPPING = NO;
				INFOPLIST_FILE = Belajariah/Info.plist;
				LD_RUNPATH_SEARCH_PATHS = "$(inherited) @executable_path/Frameworks";
				OTHER_LDFLAGS = (
					"$(inherited)",
					"-ObjC",
					"-lc++",
				);
				PRODUCT_BUNDLE_IDENTIFIER = "org.reactjs.native.example.$(PRODUCT_NAME:rfc1034identifier)";
				PRODUCT_NAME = Belajariah;
				VERSIONING_SYSTEM = "apple-generic";
			};
			name = Debug;
		};
		13B07F951A680F5B00A75B9A /* Release */ = {
			isa = XCBuildConfiguration;
			buildSettings = {
				ASSETCATALOG_COMPILER_APPICON_NAME = AppIcon;
				CURRENT_PROJECT_VERSION = 1;
				INFOPLIST_FILE = Belajariah/Info.plist;
				LD_RUNPATH_SEARCH_PATHS = "$(inherited) @executable_path/Frameworks";
				OTHER_LDFLAGS = (
					"$(inherited)",
					"-ObjC",
					"-lc++",
				);
				PRODUCT_BUNDLE_IDENTIFIER = "org.reactjs.native.example.$(PRODUCT_NAME:rfc1034identifier)";
				PRODUCT_NAME = Belajariah;
				VERSIONING_SYSTEM = "apple-generic";
			};
			name = Release;
		};
		2D02E4971E0B4A5E006451C7 /* Debug */ = {
			isa = XCBuildConfiguration;
			buildSettings = {
				ASSETCATALOG_COMPILER_APPICON_NAME = "App Icon & Top Shelf Image";
				ASSETCATALOG_COMPILER_LAUNCHIMAGE_NAME = LaunchImage;
				CLANG_ANALYZER_NONNULL = YES;
				CLANG_WARN_DOCUMENTATION_COMMENTS = YES;
				CLANG_WARN_INFINITE_RECURSION = YES;
				CLANG_WARN_SUSPICIOUS_MOVE = YES;
				DEBUG_INFORMATION_FORMAT = dwarf;
				ENABLE_TESTABILITY = YES;
				GCC_NO_COMMON_BLOCKS = YES;
				INFOPLIST_FILE = "Belajariah-tvOS/Info.plist";
				LD_RUNPATH_SEARCH_PATHS = "$(inherited) @executable_path/Frameworks";
				OTHER_LDFLAGS = (
					"$(inherited)",
					"-ObjC",
					"-lc++",
				);
				PRODUCT_BUNDLE_IDENTIFIER = "com.facebook.REACT.Belajariah-tvOS";
				PRODUCT_NAME = "$(TARGET_NAME)";
				SDKROOT = appletvos;
				TARGETED_DEVICE_FAMILY = 3;
				TVOS_DEPLOYMENT_TARGET = 9.2;
			};
			name = Debug;
		};
		2D02E4981E0B4A5E006451C7 /* Release */ = {
			isa = XCBuildConfiguration;
			buildSettings = {
				ASSETCATALOG_COMPILER_APPICON_NAME = "App Icon & Top Shelf Image";
				ASSETCATALOG_COMPILER_LAUNCHIMAGE_NAME = LaunchImage;
				CLANG_ANALYZER_NONNULL = YES;
				CLANG_WARN_DOCUMENTATION_COMMENTS = YES;
				CLANG_WARN_INFINITE_RECURSION = YES;
				CLANG_WARN_SUSPICIOUS_MOVE = YES;
				COPY_PHASE_STRIP = NO;
				DEBUG_INFORMATION_FORMAT = "dwarf-with-dsym";
				GCC_NO_COMMON_BLOCKS = YES;
				INFOPLIST_FILE = "Belajariah-tvOS/Info.plist";
				LD_RUNPATH_SEARCH_PATHS = "$(inherited) @executable_path/Frameworks";
				OTHER_LDFLAGS = (
					"$(inherited)",
					"-ObjC",
					"-lc++",
				);
				PRODUCT_BUNDLE_IDENTIFIER = "com.facebook.REACT.Belajariah-tvOS";
				PRODUCT_NAME = "$(TARGET_NAME)";
				SDKROOT = appletvos;
				TARGETED_DEVICE_FAMILY = 3;
				TVOS_DEPLOYMENT_TARGET = 9.2;
			};
			name = Release;
		};
		2D02E4991E0B4A5E006451C7 /* Debug */ = {
			isa = XCBuildConfiguration;
			buildSettings = {
				BUNDLE_LOADER = "$(TEST_HOST)";
				CLANG_ANALYZER_NONNULL = YES;
				CLANG_WARN_DOCUMENTATION_COMMENTS = YES;
				CLANG_WARN_INFINITE_RECURSION = YES;
				CLANG_WARN_SUSPICIOUS_MOVE = YES;
				DEBUG_INFORMATION_FORMAT = dwarf;
				ENABLE_TESTABILITY = YES;
				GCC_NO_COMMON_BLOCKS = YES;
				INFOPLIST_FILE = "Belajariah-tvOSTests/Info.plist";
				LD_RUNPATH_SEARCH_PATHS = "$(inherited) @executable_path/Frameworks @loader_path/Frameworks";
				OTHER_LDFLAGS = (
					"$(inherited)",
					"-ObjC",
					"-lc++",
				);
				PRODUCT_BUNDLE_IDENTIFIER = "com.facebook.REACT.Belajariah-tvOSTests";
				PRODUCT_NAME = "$(TARGET_NAME)";
				SDKROOT = appletvos;
				TEST_HOST = "$(BUILT_PRODUCTS_DIR)/Belajariah-tvOS.app/Belajariah-tvOS";
				TVOS_DEPLOYMENT_TARGET = 10.1;
			};
			name = Debug;
		};
		2D02E49A1E0B4A5E006451C7 /* Release */ = {
			isa = XCBuildConfiguration;
			buildSettings = {
				BUNDLE_LOADER = "$(TEST_HOST)";
				CLANG_ANALYZER_NONNULL = YES;
				CLANG_WARN_DOCUMENTATION_COMMENTS = YES;
				CLANG_WARN_INFINITE_RECURSION = YES;
				CLANG_WARN_SUSPICIOUS_MOVE = YES;
				COPY_PHASE_STRIP = NO;
				DEBUG_INFORMATION_FORMAT = "dwarf-with-dsym";
				GCC_NO_COMMON_BLOCKS = YES;
				INFOPLIST_FILE = "Belajariah-tvOSTests/Info.plist";
				LD_RUNPATH_SEARCH_PATHS = "$(inherited) @executable_path/Frameworks @loader_path/Frameworks";
				OTHER_LDFLAGS = (
					"$(inherited)",
					"-ObjC",
					"-lc++",
				);
				PRODUCT_BUNDLE_IDENTIFIER = "com.facebook.REACT.Belajariah-tvOSTests";
				PRODUCT_NAME = "$(TARGET_NAME)";
				SDKROOT = appletvos;
				TEST_HOST = "$(BUILT_PRODUCTS_DIR)/Belajariah-tvOS.app/Belajariah-tvOS";
				TVOS_DEPLOYMENT_TARGET = 10.1;
			};
			name = Release;
		};
		83CBBA201A601CBA00E9B192 /* Debug */ = {
			isa = XCBuildConfiguration;
			buildSettings = {
				ALWAYS_SEARCH_USER_PATHS = NO;
				CLANG_CXX_LANGUAGE_STANDARD = "gnu++0x";
				CLANG_CXX_LIBRARY = "libc++";
				CLANG_ENABLE_MODULES = YES;
				CLANG_ENABLE_OBJC_ARC = YES;
				CLANG_WARN_BLOCK_CAPTURE_AUTORELEASING = YES;
				CLANG_WARN_BOOL_CONVERSION = YES;
				CLANG_WARN_COMMA = YES;
				CLANG_WARN_CONSTANT_CONVERSION = YES;
				CLANG_WARN_DEPRECATED_OBJC_IMPLEMENTATIONS = YES;
				CLANG_WARN_DIRECT_OBJC_ISA_USAGE = YES_ERROR;
				CLANG_WARN_EMPTY_BODY = YES;
				CLANG_WARN_ENUM_CONVERSION = YES;
				CLANG_WARN_INFINITE_RECURSION = YES;
				CLANG_WARN_INT_CONVERSION = YES;
				CLANG_WARN_NON_LITERAL_NULL_CONVERSION = YES;
				CLANG_WARN_OBJC_IMPLICIT_RETAIN_SELF = YES;
				CLANG_WARN_OBJC_LITERAL_CONVERSION = YES;
				CLANG_WARN_OBJC_ROOT_CLASS = YES_ERROR;
				CLANG_WARN_RANGE_LOOP_ANALYSIS = YES;
				CLANG_WARN_STRICT_PROTOTYPES = YES;
				CLANG_WARN_SUSPICIOUS_MOVE = YES;
				CLANG_WARN_UNREACHABLE_CODE = YES;
				CLANG_WARN__DUPLICATE_METHOD_MATCH = YES;
				"CODE_SIGN_IDENTITY[sdk=iphoneos*]" = "iPhone Developer";
				COPY_PHASE_STRIP = NO;
				ENABLE_STRICT_OBJC_MSGSEND = YES;
				ENABLE_TESTABILITY = YES;
				GCC_C_LANGUAGE_STANDARD = gnu99;
				GCC_DYNAMIC_NO_PIC = NO;
				GCC_NO_COMMON_BLOCKS = YES;
				GCC_OPTIMIZATION_LEVEL = 0;
				GCC_PREPROCESSOR_DEFINITIONS = (
					"DEBUG=1",
					"$(inherited)",
				);
				GCC_SYMBOLS_PRIVATE_EXTERN = NO;
				GCC_WARN_64_TO_32_BIT_CONVERSION = YES;
				GCC_WARN_ABOUT_RETURN_TYPE = YES_ERROR;
				GCC_WARN_UNDECLARED_SELECTOR = YES;
				GCC_WARN_UNINITIALIZED_AUTOS = YES_AGGRESSIVE;
				GCC_WARN_UNUSED_FUNCTION = YES;
				GCC_WARN_UNUSED_VARIABLE = YES;
				IPHONEOS_DEPLOYMENT_TARGET = 9.0;
				MTL_ENABLE_DEBUG_INFO = YES;
				ONLY_ACTIVE_ARCH = YES;
				SDKROOT = iphoneos;
			};
			name = Debug;
		};
		83CBBA211A601CBA00E9B192 /* Release */ = {
			isa = XCBuildConfiguration;
			buildSettings = {
				ALWAYS_SEARCH_USER_PATHS = NO;
				CLANG_CXX_LANGUAGE_STANDARD = "gnu++0x";
				CLANG_CXX_LIBRARY = "libc++";
				CLANG_ENABLE_MODULES = YES;
				CLANG_ENABLE_OBJC_ARC = YES;
				CLANG_WARN_BLOCK_CAPTURE_AUTORELEASING = YES;
				CLANG_WARN_BOOL_CONVERSION = YES;
				CLANG_WARN_COMMA = YES;
				CLANG_WARN_CONSTANT_CONVERSION = YES;
				CLANG_WARN_DEPRECATED_OBJC_IMPLEMENTATIONS = YES;
				CLANG_WARN_DIRECT_OBJC_ISA_USAGE = YES_ERROR;
				CLANG_WARN_EMPTY_BODY = YES;
				CLANG_WARN_ENUM_CONVERSION = YES;
				CLANG_WARN_INFINITE_RECURSION = YES;
				CLANG_WARN_INT_CONVERSION = YES;
				CLANG_WARN_NON_LITERAL_NULL_CONVERSION = YES;
				CLANG_WARN_OBJC_IMPLICIT_RETAIN_SELF = YES;
				CLANG_WARN_OBJC_LITERAL_CONVERSION = YES;
				CLANG_WARN_OBJC_ROOT_CLASS = YES_ERROR;
				CLANG_WARN_RANGE_LOOP_ANALYSIS = YES;
				CLANG_WARN_STRICT_PROTOTYPES = YES;
				CLANG_WARN_SUSPICIOUS_MOVE = YES;
				CLANG_WARN_UNREACHABLE_CODE = YES;
				CLANG_WARN__DUPLICATE_METHOD_MATCH = YES;
				"CODE_SIGN_IDENTITY[sdk=iphoneos*]" = "iPhone Developer";
				COPY_PHASE_STRIP = YES;
				ENABLE_NS_ASSERTIONS = NO;
				ENABLE_STRICT_OBJC_MSGSEND = YES;
				GCC_C_LANGUAGE_STANDARD = gnu99;
				GCC_NO_COMMON_BLOCKS = YES;
				GCC_WARN_64_TO_32_BIT_CONVERSION = YES;
				GCC_WARN_ABOUT_RETURN_TYPE = YES_ERROR;
				GCC_WARN_UNDECLARED_SELECTOR = YES;
				GCC_WARN_UNINITIALIZED_AUTOS = YES_AGGRESSIVE;
				GCC_WARN_UNUSED_FUNCTION = YES;
				GCC_WARN_UNUSED_VARIABLE = YES;
				IPHONEOS_DEPLOYMENT_TARGET = 9.0;
				MTL_ENABLE_DEBUG_INFO = NO;
				SDKROOT = iphoneos;
				VALIDATE_PRODUCT = YES;
			};
			name = Release;
		};
/* End XCBuildConfiguration section */

/* Begin XCConfigurationList section */
		00E357021AD99517003FC87E /* Build configuration list for PBXNativeTarget "BelajariahTests" */ = {
			isa = XCConfigurationList;
			buildConfigurations = (
				00E356F61AD99517003FC87E /* Debug */,
				00E356F71AD99517003FC87E /* Release */,
			);
			defaultConfigurationIsVisible = 0;
			defaultConfigurationName = Release;
		};
		13B07F931A680F5B00A75B9A /* Build configuration list for PBXNativeTarget "Belajariah" */ = {
			isa = XCConfigurationList;
			buildConfigurations = (
				13B07F941A680F5B00A75B9A /* Debug */,
				13B07F951A680F5B00A75B9A /* Release */,
			);
			defaultConfigurationIsVisible = 0;
			defaultConfigurationName = Release;
		};
		2D02E4BA1E0B4A5E006451C7 /* Build configuration list for PBXNativeTarget "Belajariah-tvOS" */ = {
			isa = XCConfigurationList;
			buildConfigurations = (
				2D02E4971E0B4A5E006451C7 /* Debug */,
				2D02E4981E0B4A5E006451C7 /* Release */,
			);
			defaultConfigurationIsVisible = 0;
			defaultConfigurationName = Release;
		};
		2D02E4BB1E0B4A5E006451C7 /* Build configuration list for PBXNativeTarget "Belajariah-tvOSTests" */ = {
			isa = XCConfigurationList;
			buildConfigurations = (
				2D02E4991E0B4A5E006451C7 /* Debug */,
				2D02E49A1E0B4A5E006451C7 /* Release */,
			);
			defaultConfigurationIsVisible = 0;
			defaultConfigurationName = Release;
		};
		83CBB9FA1A601CBA00E9B192 /* Build configuration list for PBXProject "Belajariah" */ = {
			isa = XCConfigurationList;
			buildConfigurations = (
				83CBBA201A601CBA00E9B192 /* Debug */,
				83CBBA211A601CBA00E9B192 /* Release */,
			);
			defaultConfigurationIsVisible = 0;
			defaultConfigurationName = Release;
		};
/* End XCConfigurationList section */
	};
	rootObject = 83CBB9F71A601CBA00E9B192 /* Project object */;
}
